{
  "name": "extract-base-iterator",
  "version": "3.4.4",
  "lockfileVersion": 3,
  "requires": true,
  "packages": {
    "": {
      "name": "extract-base-iterator",
      "version": "3.4.4",
      "license": "MIT",
      "dependencies": {
        "fs-remove-compat": "^1.0.0",
        "graceful-fs": "^4.2.11",
        "is-absolute": "^1.0.0",
        "mkdirp-classic": "^0.5.2",
        "on-one": "^1.0.0",
        "pako": "1.0.11",
        "queue-cb": "^1.0.0",
        "readable-stream": "2.3.8",
        "stack-base-iterator": "^3.0.0"
      },
      "devDependencies": {
        "@types/mocha": "*",
        "@types/node": "*",
        "cr": "^0.1.0",
        "fs-iterator": "^7.0.0",
        "fs-stats-spys": "^1.0.0",
        "node-version-use": "*",
        "pinkie-promise": "*",
        "ts-dev-stack": "*",
        "tsds-config": "*"
      },
      "engines": {
        "node": ">=0.8"
      }
    },
    "../../../../.iml/tsds-mocha@1.23.0": {
      "name": "tsds-mocha",
      "version": "1.23.0",
      "extraneous": true,
      "hasInstallScript": true,
      "license": "MIT",
      "dependencies": {
        "assert": "1.5.0",
        "cross-spawn-cb": "^3.0.0",
        "exit-compat": "^1.0.0",
        "getopts-compat": "^2.2.6",
        "link-unlink": "^1.0.12",
        "mocha": "^11.7.5",
        "mocha-compat": "^3.6.3",
        "mocha-no-node-protocol": "npm:mocha@11.1.0",
        "mocha-no-register-hooks": "npm:mocha@11.7.5",
        "queue-cb": "^1.0.0",
        "regenerator-runtime": "^0.14.1",
        "resolve": "^1.3.1",
        "resolve-bin-sync": "^1.0.12",
        "ts-swc-loaders": "^2.5.4",
        "tsds-lib": "^1.20.0",
        "unixify": "^1.0.0"
      },
      "devDependencies": {
        "@types/mocha": "*",
        "@types/node": "*",
        "module-link-unlink": "^1.0.11",
        "node-version-use": "*",
        "os-shim": "^0.1.0",
        "short-hash": "^1.0.0",
        "ts-dev-stack": "*",
        "tsds-config": "*",
        "tsds-lib-test": "^1.19.7"
      },
      "engines": {
        "node": ">=0.8"
      }
    },
    "../../../../.iml/tsds-validate@1.7.4": {
      "name": "tsds-validate",
      "version": "1.7.4",
      "extraneous": true,
      "license": "MIT",
      "dependencies": {
        "cross-spawn-cb": "^3.0.0",
        "depcheck": "^1.4.7",
        "node-version-call": "^3.0.0",
        "queue-cb": "^1.6.3",
        "resolve-bin-sync": "^1.0.12",
        "sort-package-json": "2.15.1",
        "tsds-biome": "^1.21.1",
        "tsds-build": "^1.21.1",
        "tsds-lib": "^1.21.1",
        "tsds-typedoc": "^1.20.5"
      },
      "devDependencies": {
        "@types/mocha": "*",
        "@types/node": "*",
        "module-link-unlink": "^1.1.0",
        "node-version-use": "*",
        "os-shim": "^0.1.3",
        "resolve": "^1.22.11",
        "short-hash": "^1.0.0",
        "ts-dev-stack": "*",
        "tsds-config": "*",
        "tsds-lib-test": "^1.20.0"
      },
      "engines": {
        "node": ">=0.8"
      }
    },
    "../../../../.iml/tsds-version@1.2.0": {
      "name": "tsds-version",
      "version": "1.2.0",
      "extraneous": true,
      "license": "MIT",
      "dependencies": {
        "cross-spawn-cb": "^3.0.0",
        "getopts-compat": "^2.2.6",
        "gh-pages": "^6.3.0",
        "queue-cb": "^1.0.0",
        "resolve-bin-sync": "^1.0.12",
        "tsds-lib": "^1.20.0",
        "tsds-typedoc": "^1.20.3"
      },
      "devDependencies": {
        "@types/mocha": "*",
        "@types/node": "*",
        "module-link-unlink": "^1.0.11",
        "node-version-use": "*",
        "os-shim": "^0.1.0",
        "resolve": "^1.3.1",
        "short-hash": "^1.0.0",
        "ts-dev-stack": "*",
        "tsds-config": "*",
        "tsds-lib-test": "^1.19.7"
      },
      "engines": {
        "node": ">=0.8"
      }
    },
    "node_modules/@types/mocha": {
      "version": "10.0.10",
      "dev": true,
      "license": "MIT"
    },
    "node_modules/@types/node": {
      "version": "25.0.3",
      "dev": true,
      "license": "MIT",
      "dependencies": {
        "undici-types": "~7.16.0"
      }
    },
    "node_modules/7z-iterator": {
      "version": "2.2.5",
      "dev": true,
      "license": "MIT",
      "dependencies": {
        "call-once-fn": "^1.1.6",
        "extract-base-iterator": "^3.4.1",
        "fs-remove-compat": "^1.0.0",
        "graceful-fs": "^4.2.11",
        "mkdirp-classic": "^0.5.2",
        "on-one": "^1.0.10",
        "os-shim": "^0.1.3",
        "queue-cb": "^1.0.0",
        "short-hash": "^1.0.0",
        "temp-suffix": "^1.0.10",
        "unbzip2-stream": "1.0.8",
        "xz-compat": "^1.2.1"
      },
      "engines": {
        "node": ">=0.8"
      }
    },
    "node_modules/async-compat": {
      "version": "1.8.1",
      "license": "MIT",
      "dependencies": {
        "is-error": "^2.0.0",
        "is-promise": "^4.0.0"
      },
      "engines": {
        "node": ">=0.8"
      }
    },
    "node_modules/base64-js": {
      "version": "0.0.8",
      "dev": true,
      "license": "MIT",
      "engines": {
        "node": ">= 0.4"
      }
    },
    "node_modules/buffer": {
      "version": "3.6.2",
      "dev": true,
      "license": "MIT",
      "dependencies": {
        "base64-js": "0.0.8",
        "ieee754": "^1.1.4",
        "isarray": "^1.0.0"
      }
    },
    "node_modules/call-once-fn": {
      "version": "1.1.10",
      "dev": true,
      "license": "MIT",
      "engines": {
        "node": ">=0.8"
      }
    },
    "node_modules/colors": {
      "version": "1.4.0",
      "dev": true,
      "license": "MIT",
      "engines": {
        "node": ">=0.1.90"
      }
    },
    "node_modules/content-disposition": {
      "version": "1.0.1",
      "dev": true,
      "license": "MIT",
      "engines": {
        "node": ">=18"
      },
      "funding": {
        "type": "opencollective",
        "url": "https://opencollective.com/express"
      }
    },
    "node_modules/core-util-is": {
      "version": "1.0.3",
      "license": "MIT"
    },
    "node_modules/cpu-arch": {
      "version": "1.1.2",
      "dev": true,
      "license": "MIT",
      "dependencies": {
        "node-version-call-local": "^1.0.0"
      },
      "engines": {
        "node": ">=0.8"
      }
    },
    "node_modules/cr": {
      "version": "0.1.0",
      "dev": true,
      "license": "MIT",
      "engines": {
        "node": ">=0.10.0"
      }
    },
    "node_modules/cross-spawn": {
      "version": "7.0.6",
      "dev": true,
      "license": "MIT",
      "dependencies": {
        "path-key": "^3.1.0",
        "shebang-command": "^2.0.0",
        "which": "^2.0.1"
      },
      "engines": {
        "node": ">= 8"
      }
    },
    "node_modules/cross-spawn-cb": {
      "version": "3.2.1",
      "dev": true,
      "license": "MIT",
      "dependencies": {
        "cross-spawn": "^7.0.6",
        "env-path-key": "^1.0.0",
        "node-version-call-local": "^1.0.0",
        "on-one": "^1.0.0",
        "which": "1.3.1"
      },
      "engines": {
        "node": ">=0.8"
      }
    },
    "node_modules/cross-spawn/node_modules/which": {
      "version": "2.0.2",
      "dev": true,
      "license": "ISC",
      "dependencies": {
        "isexe": "^2.0.0"
      },
      "bin": {
        "node-which": "bin/node-which"
      },
      "engines": {
        "node": ">= 8"
      }
    },
    "node_modules/end-of-stream": {
      "version": "1.4.5",
      "dev": true,
      "license": "MIT",
      "dependencies": {
        "once": "^1.4.0"
      }
    },
    "node_modules/env-path-key": {
      "version": "1.1.8",
      "dev": true,
      "license": "MIT",
      "engines": {
        "node": ">=0.8"
      }
    },
    "node_modules/exit-compat": {
      "version": "1.0.4",
      "dev": true,
      "license": "MIT",
      "engines": {
        "node": ">=0.8"
      }
    },
    "node_modules/extract-base-iterator": {
      "version": "3.4.2",
      "dev": true,
      "license": "MIT",
      "dependencies": {
        "fs-remove-compat": "^1.0.0",
        "graceful-fs": "^4.2.11",
        "is-absolute": "^1.0.0",
        "mkdirp-classic": "^0.5.2",
        "on-one": "^1.0.0",
        "pako": "1.0.11",
        "queue-cb": "^1.0.0",
        "readable-stream": "2.3.8",
        "stack-base-iterator": "^3.0.0"
      },
      "engines": {
        "node": ">=0.8"
      }
    },
    "node_modules/fast-extract": {
      "version": "1.14.2",
      "dev": true,
      "license": "MIT",
      "dependencies": {
        "7z-iterator": "^2.0.0",
        "call-once-fn": "^1.0.1",
        "content-disposition": "^1.0.1",
        "extract-base-iterator": "^3.0.2",
        "fs-remove-compat": "^1.0.0",
        "graceful-fs": "^4.2.11",
        "lodash.throttle": "^4.1.1",
        "mkdirp-classic": "^0.5.2",
        "on-one": "^1.0.0",
        "progress-stream": "^2.0.0",
        "queue-cb": "^1.0.0",
        "signal-exit": "^3.0.7",
        "tar-iterator": "^3.3.0",
        "temp-suffix": "^1.0.10",
        "unbzip2-stream": "1.0.8",
        "xz-compat": "^1.0.0",
        "zip-iterator": "^3.2.0"
      },
      "engines": {
        "node": ">=0.8"
      }
    },
    "node_modules/fetch-json-cache": {
      "version": "1.6.1",
      "dev": true,
      "license": "MIT",
      "dependencies": {
        "fs-remove-compat": "^1.0.0",
        "get-file-compat": "^2.0.0",
        "mkdirp-classic": "^0.5.2",
        "queue-cb": "^1.0.0",
        "temp-suffix": "^1.0.10"
      },
      "engines": {
        "node": ">=0.8"
      }
    },
    "node_modules/fs-copy-compat": {
      "version": "1.0.1",
      "dev": true,
      "license": "MIT",
      "dependencies": {
        "is-absolute": "^1.0.0",
        "mkdirp-classic": "^0.5.2",
        "pump": "^3.0.3"
      },
      "engines": {
        "node": ">=0.8"
      }
    },
    "node_modules/fs-iterator": {
      "version": "7.1.1",
      "dev": true,
      "license": "MIT",
      "dependencies": {
        "async-compat": "^1.4.6",
        "fs.realpath": "^1.0.0",
        "graceful-fs": "^4.2.11",
        "stack-base-iterator": "^3.0.0"
      },
      "engines": {
        "node": ">=0.8"
      }
    },
    "node_modules/fs-remove-compat": {
      "version": "1.0.2",
      "license": "MIT",
      "engines": {
        "node": ">=0.8"
      }
    },
    "node_modules/fs-stats-spys": {
      "version": "1.2.9",
      "dev": true,
      "license": "MIT",
      "engines": {
        "node": ">=0.8"
      }
    },
    "node_modules/fs.realpath": {
      "version": "1.0.0",
      "dev": true,
      "license": "ISC"
    },
    "node_modules/function-bind": {
      "version": "1.1.2",
      "dev": true,
      "license": "MIT",
      "funding": {
        "url": "https://github.com/sponsors/ljharb"
      }
    },
    "node_modules/function-exec-sync": {
      "version": "2.1.0",
      "dev": true,
      "license": "MIT",
      "dependencies": {
        "async-compat": "^1.4.6",
        "mkdirp-classic": "^0.5.2",
        "module-compat": "^0.1.0",
        "os-shim": "^0.1.0",
        "randombytes": "^2.1.0",
        "short-hash": "^1.0.0",
        "temp-suffix": "^1.0.10",
        "thread-sleep-compat": "^1.1.6"
      },
      "engines": {
        "node": ">=0.8"
      }
    },
    "node_modules/get-file-compat": {
      "version": "2.3.1",
      "dev": true,
      "license": "MIT",
      "dependencies": {
        "mkdirp-classic": "^0.5.2",
        "node-version-call-local": "^1.0.0",
        "on-one": "^1.0.0",
        "pump": "^3.0.0"
      },
      "engines": {
        "node": ">=0.8"
      }
    },
    "node_modules/getopts-compat": {
      "version": "2.2.6",
      "dev": true,
      "license": "MIT"
    },
    "node_modules/graceful-fs": {
      "version": "4.2.11",
      "license": "ISC"
    },
    "node_modules/hash-string": {
      "version": "1.0.0",
      "dev": true,
      "license": "ISC"
    },
    "node_modules/hasown": {
      "version": "2.0.2",
      "dev": true,
      "license": "MIT",
      "dependencies": {
        "function-bind": "^1.1.2"
      },
      "engines": {
        "node": ">= 0.4"
      }
    },
    "node_modules/homedir-polyfill": {
      "version": "1.0.3",
      "dev": true,
      "license": "MIT",
      "dependencies": {
        "parse-passwd": "^1.0.0"
      },
      "engines": {
        "node": ">=0.10.0"
      }
    },
    "node_modules/ieee754": {
      "version": "1.2.1",
      "dev": true,
      "funding": [
        {
          "type": "github",
          "url": "https://github.com/sponsors/feross"
        },
        {
          "type": "patreon",
          "url": "https://www.patreon.com/feross"
        },
        {
          "type": "consulting",
          "url": "https://feross.org/support"
        }
      ],
      "license": "BSD-3-Clause"
    },
    "node_modules/imurmurhash": {
      "version": "0.1.4",
      "dev": true,
      "license": "MIT",
      "engines": {
        "node": ">=0.8.19"
      }
    },
    "node_modules/inherits": {
      "version": "2.0.4",
      "license": "ISC"
    },
    "node_modules/install-module-linked": {
      "version": "1.6.1",
      "dev": true,
      "license": "MIT",
      "dependencies": {
        "cross-spawn-cb": "^3.0.0",
        "exit-compat": "^1.0.0",
        "fs-remove-compat": "^1.0.0",
        "get-file-compat": "^2.0.0",
        "getopts-compat": "^2.2.5",
        "homedir-polyfill": "^1.0.3",
        "lockfile": "^1.0.4",
        "mkdirp-classic": "^0.5.2",
        "node-version-call-local": "^1.0.0",
        "queue-cb": "^1.0.0",
        "temp-suffix": "^1.0.10"
      },
      "bin": {
        "iml": "bin/cli.js"
      },
      "engines": {
        "node": ">=0.8"
      }
    },
    "node_modules/is-absolute": {
      "version": "1.0.0",
      "license": "MIT",
      "dependencies": {
        "is-relative": "^1.0.0",
        "is-windows": "^1.0.1"
      },
      "engines": {
        "node": ">=0.10.0"
      }
    },
    "node_modules/is-core-module": {
      "version": "2.16.1",
      "dev": true,
      "license": "MIT",
      "dependencies": {
        "hasown": "^2.0.2"
      },
      "engines": {
        "node": ">= 0.4"
      },
      "funding": {
        "url": "https://github.com/sponsors/ljharb"
      }
    },
    "node_modules/is-error": {
      "version": "2.2.2",
      "license": "MIT"
    },
    "node_modules/is-promise": {
      "version": "4.0.0",
      "license": "MIT"
    },
    "node_modules/is-relative": {
      "version": "1.0.0",
      "license": "MIT",
      "dependencies": {
        "is-unc-path": "^1.0.0"
      },
      "engines": {
        "node": ">=0.10.0"
      }
    },
    "node_modules/is-unc-path": {
      "version": "1.0.0",
      "license": "MIT",
      "dependencies": {
        "unc-path-regex": "^0.1.2"
      },
      "engines": {
        "node": ">=0.10.0"
      }
    },
    "node_modules/is-version": {
      "version": "1.0.9",
      "dev": true,
      "license": "MIT",
      "engines": {
        "node": ">=0.8"
      }
    },
    "node_modules/is-windows": {
      "version": "1.0.2",
      "license": "MIT",
      "engines": {
        "node": ">=0.10.0"
      }
    },
    "node_modules/isarray": {
      "version": "1.0.0",
      "license": "MIT"
    },
    "node_modules/isexe": {
      "version": "2.0.0",
      "dev": true,
      "license": "ISC"
    },
    "node_modules/iterator-next-callback": {
      "version": "3.0.0",
      "license": "MIT",
      "dependencies": {
        "is-promise": "^4.0.0"
      },
      "engines": {
        "node": ">=0.8"
      }
    },
    "node_modules/lockfile": {
      "version": "1.0.4",
      "dev": true,
      "license": "ISC",
      "dependencies": {
        "signal-exit": "^3.0.2"
      }
    },
    "node_modules/lodash.keys": {
      "version": "4.2.0",
      "dev": true,
      "license": "MIT"
    },
    "node_modules/lodash.throttle": {
      "version": "4.1.1",
      "dev": true,
      "license": "MIT"
    },
    "node_modules/maximize-iterator": {
      "version": "5.0.5",
      "license": "MIT",
      "dependencies": {
        "async-compat": "^1.4.6",
        "iterator-next-callback": "^3.0.0"
      },
      "engines": {
        "node": ">=0.8"
      }
    },
    "node_modules/mkdirp-classic": {
      "version": "0.5.3",
      "license": "MIT"
    },
    "node_modules/module-compat": {
      "version": "0.1.1",
      "dev": true,
      "license": "MIT",
      "dependencies": {
        "module-root-sync": "*"
      },
      "engines": {
        "node": ">=0.8"
      }
    },
    "node_modules/module-root-sync": {
      "version": "2.0.2",
      "dev": true,
      "license": "MIT",
      "engines": {
        "node": ">=0.8"
      }
    },
    "node_modules/node-exec-path": {
      "version": "1.2.1",
      "dev": true,
      "license": "MIT",
      "dependencies": {
        "env-path-key": "^1.0.0",
        "function-exec-sync": "^1.0.0",
        "semver": "5.7.2"
      },
      "engines": {
        "node": ">=0.8"
      }
    },
    "node_modules/node-exec-path/node_modules/function-exec-sync": {
      "version": "1.5.6",
      "dev": true,
      "license": "MIT",
      "dependencies": {
        "async-compat": "^1.7.9",
        "mkdirp-classic": "^0.5.3",
        "os-shim": "^0.1.3",
        "randombytes": "^2.1.0",
        "short-hash": "^1.0.0",
        "temp-suffix": "^1.0.10",
        "thread-sleep-compat": "^1.1.5"
      },
      "engines": {
        "node": ">=0.8"
      }
    },
    "node_modules/node-filename-to-dist-paths": {
      "version": "1.4.0",
      "dev": true,
      "hasInstallScript": true,
      "license": "MIT",
      "dependencies": {
        "exit-compat": "^1.0.0",
        "fetch-json-cache": "^1.2.1"
      },
      "engines": {
        "node": ">=0.8"
      }
    },
    "node_modules/node-install-release": {
      "version": "1.18.3",
      "dev": true,
      "license": "MIT",
      "dependencies": {
        "cpu-arch": "^1.0.1",
        "cross-spawn-cb": "^3.0.0",
        "exit-compat": "^1.0.0",
        "fast-extract": "^1.0.1",
        "fs-copy-compat": "^1.0.0",
        "fs-remove-compat": "^1.0.0",
        "get-file-compat": "^2.0.0",
        "getopts-compat": "^2.2.6",
        "homedir-polyfill": "^1.0.3",
        "is-version": "^1.0.9",
        "lodash.keys": "^4.2.0",
        "mkdirp-classic": "^0.5.2",
        "node-filename-to-dist-paths": "^1.3.15",
        "node-resolve-versions": "^1.3.13",
        "on-one": "^1.0.0",
        "queue-cb": "^1.0.0",
        "temp-suffix": "^1.0.10"
      },
      "bin": {
        "nir": "bin/cli.js"
      },
      "engines": {
        "node": ">=0.8"
      }
    },
    "node_modules/node-resolve-versions": {
      "version": "1.5.1",
      "dev": true,
      "license": "MIT",
      "dependencies": {
        "node-semvers": "^1.5.17",
        "semver": "5.7.2"
      },
      "engines": {
        "node": ">=0.8"
      }
    },
    "node_modules/node-semvers": {
      "version": "1.7.0",
      "dev": true,
      "hasInstallScript": true,
      "license": "MIT",
      "dependencies": {
        "exit-compat": "^1.0.0",
        "fetch-json-cache": "^1.4.0",
        "getopts-compat": "^2.2.5",
        "semver": "5.7.2"
      },
      "bin": {
        "nsv": "bin/cli.cjs"
      },
      "engines": {
        "node": ">=0.8"
      }
    },
    "node_modules/node-version-call-local": {
      "version": "1.1.1",
      "dev": true,
      "license": "MIT",
      "dependencies": {
        "env-path-key": "^1.0.0",
        "function-exec-sync": "^2.0.0",
        "module-compat": "^0.1.0",
        "node-exec-path": "^1.0.0",
        "node-version-utils": "^1.0.2",
        "semver": "5.7.2"
      },
      "engines": {
        "node": ">=0.8"
      }
    },
    "node_modules/node-version-install": {
      "version": "1.5.5",
      "dev": true,
      "license": "MIT",
      "dependencies": {
        "function-exec-sync": "^2.0.1",
        "homedir-polyfill": "^1.0.3",
        "node-install-release": "^1.7.5",
        "node-resolve-versions": "^1.0.0",
        "queue-cb": "^1.0.0"
      },
      "engines": {
        "node": ">=0.8"
      }
    },
    "node_modules/node-version-use": {
      "version": "2.4.7",
      "dev": true,
      "hasInstallScript": true,
      "license": "MIT",
      "dependencies": {
        "cpu-arch": "^1.1.1",
        "cross-spawn-cb": "^3.0.0",
        "exit-compat": "^1.0.0",
        "fs-remove-compat": "^1.0.0",
        "get-file-compat": "^2.0.0",
        "getopts-compat": "^2.2.6",
        "homedir-polyfill": "^1.0.3",
        "install-module-linked": "^1.3.16",
        "mkdirp-classic": "^0.5.2",
        "module-root-sync": "^2.0.2",
        "node-resolve-versions": "^1.0.0",
        "node-version-install": "^1.0.5",
        "node-version-utils": "^1.0.2",
        "queue-cb": "^1.0.0",
        "resolve-bin-sync": "^1.0.12",
        "spawn-streaming": "^1.1.15",
        "spawn-term": "^3.3.5",
        "tar-iterator": "^3.1.11",
        "zip-iterator": "^3.0.18"
      },
      "bin": {
        "nvu": "bin/cli.js"
      },
      "engines": {
        "node": ">=0.8"
      }
    },
    "node_modules/node-version-utils": {
      "version": "1.3.17",
      "dev": true,
      "license": "MIT",
      "dependencies": {
        "env-path-key": "^1.1.8",
        "path-string-prepend": "^1.1.8"
      },
      "engines": {
        "node": ">=0.8"
      }
    },
    "node_modules/on-one": {
      "version": "1.1.1",
      "license": "MIT",
      "engines": {
        "node": ">=0.8"
      }
    },
    "node_modules/once": {
      "version": "1.4.0",
      "dev": true,
      "license": "ISC",
      "dependencies": {
        "wrappy": "1"
      }
    },
    "node_modules/os-shim": {
      "version": "0.1.3",
      "dev": true,
      "engines": {
        "node": ">= 0.4.0"
      }
    },
    "node_modules/pako": {
      "version": "1.0.11",
      "license": "(MIT AND Zlib)"
    },
    "node_modules/parse-passwd": {
      "version": "1.0.0",
      "dev": true,
      "license": "MIT",
      "engines": {
        "node": ">=0.10.0"
      }
    },
    "node_modules/path-key": {
      "version": "3.1.1",
      "dev": true,
      "license": "MIT",
      "engines": {
        "node": ">=8"
      }
    },
    "node_modules/path-parse": {
      "version": "1.0.7",
      "dev": true,
      "license": "MIT"
    },
    "node_modules/path-string-prepend": {
      "version": "1.1.8",
      "dev": true,
      "license": "MIT",
      "engines": {
        "node": ">=0.8"
      }
    },
    "node_modules/pinkie": {
      "version": "2.0.4",
      "license": "MIT",
      "engines": {
        "node": ">=0.10.0"
      }
    },
    "node_modules/pinkie-promise": {
      "version": "2.0.1",
      "license": "MIT",
      "dependencies": {
        "pinkie": "^2.0.0"
      },
      "engines": {
        "node": ">=0.10.0"
      }
    },
    "node_modules/process-nextick-args": {
      "version": "2.0.1",
      "license": "MIT"
    },
    "node_modules/progress-stream": {
      "version": "2.0.0",
      "dev": true,
      "license": "BSD-2-Clause",
      "dependencies": {
        "speedometer": "~1.0.0",
        "through2": "~2.0.3"
      }
    },
    "node_modules/pump": {
      "version": "3.0.3",
      "dev": true,
      "license": "MIT",
      "dependencies": {
        "end-of-stream": "^1.1.0",
        "once": "^1.3.1"
      }
    },
    "node_modules/queue-cb": {
      "version": "1.6.3",
      "license": "MIT",
      "engines": {
        "node": ">=0.8"
      }
    },
    "node_modules/randombytes": {
      "version": "2.1.0",
      "dev": true,
      "license": "MIT",
      "dependencies": {
        "safe-buffer": "^5.1.0"
      }
    },
    "node_modules/readable-stream": {
      "version": "2.3.8",
      "license": "MIT",
      "dependencies": {
        "core-util-is": "~1.0.0",
        "inherits": "~2.0.3",
        "isarray": "~1.0.0",
        "process-nextick-args": "~2.0.0",
        "safe-buffer": "~5.1.1",
        "string_decoder": "~1.1.1",
        "util-deprecate": "~1.0.1"
      }
    },
    "node_modules/readable-stream/node_modules/safe-buffer": {
      "version": "5.1.2",
      "license": "MIT"
    },
    "node_modules/resolve": {
      "version": "1.22.11",
      "dev": true,
      "license": "MIT",
      "dependencies": {
        "is-core-module": "^2.16.1",
        "path-parse": "^1.0.7",
        "supports-preserve-symlinks-flag": "^1.0.0"
      },
      "bin": {
        "resolve": "bin/resolve"
      },
      "engines": {
        "node": ">= 0.4"
      },
      "funding": {
        "url": "https://github.com/sponsors/ljharb"
      }
    },
    "node_modules/resolve-bin-sync": {
      "version": "1.0.13",
      "dev": true,
      "license": "MIT",
      "dependencies": {
        "resolve": "^1.3.1"
      },
      "engines": {
        "node": ">=0.8"
      }
    },
    "node_modules/safe-buffer": {
      "version": "5.2.1",
      "dev": true,
      "funding": [
        {
          "type": "github",
          "url": "https://github.com/sponsors/feross"
        },
        {
          "type": "patreon",
          "url": "https://www.patreon.com/feross"
        },
        {
          "type": "consulting",
          "url": "https://feross.org/support"
        }
      ],
      "license": "MIT"
    },
    "node_modules/semver": {
      "version": "5.7.2",
      "dev": true,
      "license": "ISC",
      "bin": {
        "semver": "bin/semver"
      }
    },
    "node_modules/shebang-command": {
      "version": "2.0.0",
      "dev": true,
      "license": "MIT",
      "dependencies": {
        "shebang-regex": "^3.0.0"
      },
      "engines": {
        "node": ">=8"
      }
    },
    "node_modules/shebang-regex": {
      "version": "3.0.0",
      "dev": true,
      "license": "MIT",
      "engines": {
        "node": ">=8"
      }
    },
    "node_modules/short-hash": {
      "version": "1.0.0",
      "dev": true,
      "license": "MIT",
      "dependencies": {
        "hash-string": "^1.0.0"
      }
    },
    "node_modules/signal-exit": {
      "version": "3.0.7",
      "dev": true,
      "license": "ISC"
    },
    "node_modules/spawn-streaming": {
      "version": "1.3.3",
      "dev": true,
      "license": "MIT",
      "dependencies": {
        "colors": "^1.4.0",
        "cross-spawn-cb": "^3.0.0",
        "on-one": "^1.0.0",
        "queue-cb": "^1.0.0",
        "readable-stream": "^2.0.2",
        "terminal-model": "^0.1.0"
      },
      "engines": {
        "node": ">=0.8"
      }
    },
    "node_modules/spawn-term": {
      "version": "3.5.6",
      "dev": true,
      "license": "MIT",
      "dependencies": {
        "cross-spawn-cb": "^3.0.0",
        "install-module-linked": "^1.3.16",
        "on-one": "^1.0.0",
        "queue-cb": "^1.0.0",
        "terminal-model": "^0.1.0"
      },
      "engines": {
        "node": ">=0.8"
      }
    },
    "node_modules/speedometer": {
      "version": "1.0.0",
      "dev": true,
      "license": "MIT"
    },
    "node_modules/stack-base-iterator": {
      "version": "3.0.4",
      "license": "MIT",
      "dependencies": {
        "async-compat": "^1.4.6",
        "iterator-next-callback": "^3.0.0",
        "maximize-iterator": "^5.0.1",
        "pinkie-promise": "^2.0.1"
      },
      "engines": {
        "node": ">=0.8"
      }
    },
    "node_modules/string_decoder": {
      "version": "1.1.1",
      "license": "MIT",
      "dependencies": {
        "safe-buffer": "~5.1.0"
      }
    },
    "node_modules/string_decoder/node_modules/safe-buffer": {
      "version": "5.1.2",
      "license": "MIT"
    },
    "node_modules/supports-preserve-symlinks-flag": {
      "version": "1.0.0",
      "dev": true,
      "license": "MIT",
      "engines": {
        "node": ">= 0.4"
      },
      "funding": {
        "url": "https://github.com/sponsors/ljharb"
      }
    },
    "node_modules/tar-iterator": {
      "version": "3.3.6",
      "dev": true,
      "license": "MIT",
      "dependencies": {
        "call-once-fn": "^1.0.1",
        "extract-base-iterator": "^3.0.0",
        "graceful-fs": "^4.2.11",
        "on-one": "^1.0.0"
      },
      "engines": {
        "node": ">=0.8"
      }
    },
    "node_modules/temp-suffix": {
      "version": "1.0.10",
      "dev": true,
      "license": "MIT",
      "dependencies": {
        "imurmurhash": "^0.1.4"
      },
      "engines": {
        "node": ">=0.8"
      }
    },
    "node_modules/terminal-model": {
      "version": "0.1.1",
      "dev": true,
      "license": "MIT",
      "dependencies": {
        "readable-stream": "^2.0.2"
      },
      "engines": {
        "node": ">=0.8"
      }
    },
    "node_modules/thread-sleep": {
      "version": "2.2.0",
      "dev": true,
      "license": "MIT",
      "engines": {
        "node": ">=0.11.12"
      }
    },
    "node_modules/thread-sleep-compat": {
      "version": "1.3.1",
      "dev": true,
      "hasInstallScript": true,
      "license": "MIT",
      "dependencies": {
        "exit-compat": "^1.0.0",
        "homedir-polyfill": "^1.0.3",
        "mkdirp-classic": "^0.5.2",
        "os-shim": "^0.1.3",
        "thread-sleep": "^2.2.0"
      },
      "engines": {
        "node": ">=0.8"
      }
    },
    "node_modules/through": {
      "version": "2.3.8",
      "dev": true,
      "license": "MIT"
    },
    "node_modules/through2": {
      "version": "2.0.5",
      "dev": true,
      "license": "MIT",
      "dependencies": {
        "readable-stream": "~2.3.6",
        "xtend": "~4.0.1"
      }
    },
    "node_modules/ts-dev-stack": {
      "version": "1.22.1",
      "dev": true,
      "license": "MIT",
      "dependencies": {
        "cross-spawn-cb": "^3.1.0",
        "exit-compat": "^1.0.4",
        "getopts-compat": "^2.2.6",
        "install-module-linked": "^1.5.0",
        "queue-cb": "^1.6.3",
        "resolve": "^1.22.11",
        "tsds-lib": "^1.21.1"
      },
      "bin": {
        "tsds": "bin/cli.js"
      },
      "engines": {
        "node": ">=0.8"
      }
    },
    "node_modules/tsds-config": {
      "version": "1.0.4",
      "dev": true,
      "license": "MIT",
      "engines": {
        "node": ">=0.8"
      }
    },
    "node_modules/tsds-lib": {
      "version": "1.22.0",
      "dev": true,
      "license": "MIT",
      "dependencies": {
        "cross-spawn-cb": "^3.1.0"
      },
      "engines": {
        "node": ">=0.8"
      }
    },
    "node_modules/unbzip2-stream": {
      "version": "1.0.8",
      "dev": true,
      "license": "MIT",
      "dependencies": {
        "buffer": "^3.0.1",
        "through": "^2.3.6"
      }
    },
    "node_modules/unc-path-regex": {
      "version": "0.1.2",
      "license": "MIT",
      "engines": {
        "node": ">=0.10.0"
      }
    },
    "node_modules/undici-types": {
      "version": "7.16.0",
      "dev": true,
      "license": "MIT"
    },
    "node_modules/util-deprecate": {
      "version": "1.0.2",
      "license": "MIT"
    },
    "node_modules/which": {
      "version": "1.3.1",
      "dev": true,
      "license": "ISC",
      "dependencies": {
        "isexe": "^2.0.0"
      },
      "bin": {
        "which": "bin/which"
      }
    },
    "node_modules/wrappy": {
      "version": "1.0.2",
      "dev": true,
      "license": "ISC"
    },
    "node_modules/xtend": {
      "version": "4.0.2",
      "dev": true,
      "license": "MIT",
      "engines": {
        "node": ">=0.4"
      }
    },
    "node_modules/xz-compat": {
      "version": "1.2.1",
      "dev": true,
      "license": "MIT",
      "dependencies": {
        "extract-base-iterator": "^3.4.1",
        "install-module-linked": "^1.3.16",
        "os-shim": "^0.1.3"
      },
      "engines": {
        "node": ">=0.8"
      }
    },
    "node_modules/zip-iterator": {
      "version": "3.2.7",
      "dev": true,
      "license": "MIT",
      "dependencies": {
        "call-once-fn": "^1.0.1",
        "extract-base-iterator": "^3.3.0",
        "graceful-fs": "^4.2.11",
        "on-one": "^1.0.0"
      },
      "engines": {
        "node": ">=0.8"
      }
    }
  }
}
